
Microsoft Visual Studio Solution File, Format Version 12.00
# Visual Studio 15
VisualStudioVersion = 15.0.28307.1000
MinimumVisualStudioVersion = 10.0.40219.1
Project("{8BC9CEB8-8B4A-11D0-8D11-00A0C91BC942}") = "hw3d", "hw3d\hw3d.vcxproj", "{504B0478-85BC-420C-8A9D-55B868CFDF43}"
EndProject
Global
	GlobalSection(SolutionConfigurationPlatforms) = preSolution
		Debug|x64 = Debug|x64
		Debug|x86 = Debug|x86
		Release|x64 = Release|x64
		Release|x86 = Release|x86
	EndGlobalSection
	GlobalSection(ProjectConfigurationPlatforms) = postSolution
		{504B0478-85BC-420C-8A9D-55B868CFDF43}.Debug|x64.ActiveCfg = Debug|x64
		{504B0478-85BC-420C-8A9D-55B868CFDF43}.Debug|x64.Build.0 = Debug|x64
		{504B0478-85BC-420C-8A9D-55B868CFDF43}.Debug|x86.ActiveCfg = Debug|Win32
		{504B0478-85BC-420C-8A9D-55B868CFDF43}.Debug|x86.Build.0 = Debug|Win32
		{504B0478-85BC-420C-8A9D-55B868CFDF43}.Release|x64.ActiveCfg = Release|x64
		{504B0478-85BC-420C-8A9D-55B868CFDF43}.Release|x64.Build.0 = Release|x64
		{504B0478-85BC-420C-8A9D-55B868CFDF43}.Release|x86.ActiveCfg = Release|Win32
		{504B0478-85BC-420C-8A9D-55B868CFDF43}.Release|x86.Build.0 = Release|Win32
	EndGlobalSection
	GlobalSection(SolutionProperties) = preSolution
		HideSolutionNode = FALSE
	EndGlobalSection
	GlobalSection(ExtensibilityGlobals) = postSolution
		SolutionGuid = {7DE7ABF9-B332-495C-81AA-F7D0939ADF3D}
	EndGlobalSection
EndGlobal
