<?xml version="1.0" encoding="utf-8"?>
<Project ToolsVersion="4.0" xmlns="http://schemas.microsoft.com/developer/msbuild/2003">
  <ItemGroup>
    <Filter Include="소스 파일">
      <UniqueIdentifier>{4FC737F1-C7A5-4376-A066-2A32D752A2FF}</UniqueIdentifier>
      <Extensions>cpp;c;cc;cxx;def;odl;idl;hpj;bat;asm;asmx</Extensions>
    </Filter>
    <Filter Include="헤더 파일">
      <UniqueIdentifier>{93995380-89BD-4b04-88EB-625FBE52EBFB}</UniqueIdentifier>
      <Extensions>h;hh;hpp;hxx;hm;inl;inc;ipp;xsd</Extensions>
    </Filter>
    <Filter Include="리소스 파일">
      <UniqueIdentifier>{67DA6AB6-F800-4c08-8B7A-83BB121AAD01}</UniqueIdentifier>
      <Extensions>rc;ico;cur;bmp;dlg;rc2;rct;bin;rgs;gif;jpg;jpeg;jpe;resx;tiff;tif;png;wav;mfcribbon-ms</Extensions>
    </Filter>
    <Filter Include="DxErr">
      <UniqueIdentifier>{cf07f3b2-c971-406b-9ba9-e85b7e69cd06}</UniqueIdentifier>
    </Filter>
    <Filter Include="Shader">
      <UniqueIdentifier>{7ac4735d-7851-4e8b-9b6d-340690c771f1}</UniqueIdentifier>
    </Filter>
    <Filter Include="헤더 파일\Macro">
      <UniqueIdentifier>{7af54076-7c80-465d-9216-1e8056f9831f}</UniqueIdentifier>
    </Filter>
    <Filter Include="헤더 파일\Drawable">
      <UniqueIdentifier>{e011cb6d-7d2d-4c4b-b120-fbc6852d890e}</UniqueIdentifier>
    </Filter>
    <Filter Include="헤더 파일\Bindable">
      <UniqueIdentifier>{be165e3d-d43b-4697-bfbf-50b9d5dc0b53}</UniqueIdentifier>
    </Filter>
    <Filter Include="소스 파일\Bindable">
      <UniqueIdentifier>{8ed5623c-c98f-46bc-9557-924e706ce00c}</UniqueIdentifier>
    </Filter>
    <Filter Include="소스 파일\Drawable">
      <UniqueIdentifier>{14f07c8f-cf93-4ae9-a463-5ae1530369a5}</UniqueIdentifier>
    </Filter>
    <Filter Include="헤더 파일\Geometry">
      <UniqueIdentifier>{ba4a3a35-4d1f-44e6-b069-384d19b11d44}</UniqueIdentifier>
    </Filter>
    <Filter Include="ImGUI">
      <UniqueIdentifier>{ebbb02ea-4976-4164-a34c-fd93cd1a3c67}</UniqueIdentifier>
    </Filter>
  </ItemGroup>
  <ItemGroup>
    <ClCompile Include="WinMain.cpp">
      <Filter>소스 파일</Filter>
    </ClCompile>
    <ClCompile Include="WindowsMessageMap.cpp">
      <Filter>소스 파일</Filter>
    </ClCompile>
    <ClCompile Include="Window.cpp">
      <Filter>소스 파일</Filter>
    </ClCompile>
    <ClCompile Include="JHException.cpp">
      <Filter>소스 파일</Filter>
    </ClCompile>
    <ClCompile Include="Keyboard.cpp">
      <Filter>소스 파일</Filter>
    </ClCompile>
    <ClCompile Include="Mouse.cpp">
      <Filter>소스 파일</Filter>
    </ClCompile>
    <ClCompile Include="Timer.cpp">
      <Filter>소스 파일</Filter>
    </ClCompile>
    <ClCompile Include="Graphics.cpp">
      <Filter>소스 파일</Filter>
    </ClCompile>
    <ClCompile Include="dxerr.cpp">
      <Filter>DxErr</Filter>
    </ClCompile>
    <ClCompile Include="DxgiInfoManager.cpp">
      <Filter>소스 파일</Filter>
    </ClCompile>
    <ClCompile Include="Bindable.cpp">
      <Filter>소스 파일\Bindable</Filter>
    </ClCompile>
    <ClCompile Include="Drawable.cpp">
      <Filter>소스 파일\Drawable</Filter>
    </ClCompile>
    <ClCompile Include="IndexBuffer.cpp">
      <Filter>소스 파일\Bindable</Filter>
    </ClCompile>
    <ClCompile Include="InputLayout.cpp">
      <Filter>소스 파일\Bindable</Filter>
    </ClCompile>
    <ClCompile Include="PixelShader.cpp">
      <Filter>소스 파일\Bindable</Filter>
    </ClCompile>
    <ClCompile Include="Topology.cpp">
      <Filter>소스 파일\Bindable</Filter>
    </ClCompile>
    <ClCompile Include="TransformCbuf.cpp">
      <Filter>소스 파일\Bindable</Filter>
    </ClCompile>
    <ClCompile Include="VertexShader.cpp">
      <Filter>소스 파일\Bindable</Filter>
    </ClCompile>
    <ClCompile Include="VertexBuffer.cpp">
      <Filter>소스 파일\Bindable</Filter>
    </ClCompile>
    <ClCompile Include="App.cpp">
      <Filter>소스 파일</Filter>
    </ClCompile>
    <ClCompile Include="GDIPlusManager.cpp">
      <Filter>소스 파일</Filter>
    </ClCompile>
    <ClCompile Include="Texture.cpp">
      <Filter>소스 파일\Bindable</Filter>
    </ClCompile>
    <ClCompile Include="Surface.cpp">
      <Filter>소스 파일</Filter>
    </ClCompile>
    <ClCompile Include="Sampler.cpp">
      <Filter>소스 파일\Bindable</Filter>
    </ClCompile>
    <ClCompile Include="ImGUI\imgui.cpp">
      <Filter>ImGUI</Filter>
    </ClCompile>
    <ClCompile Include="ImGUI\imgui_impl_dx11.cpp">
      <Filter>ImGUI</Filter>
    </ClCompile>
    <ClCompile Include="ImGUI\imgui_impl_win32.cpp">
      <Filter>ImGUI</Filter>
    </ClCompile>
    <ClCompile Include="ImGUI\imgui_draw.cpp">
      <Filter>ImGUI</Filter>
    </ClCompile>
    <ClCompile Include="ImGUI\imgui_widgets.cpp">
      <Filter>ImGUI</Filter>
    </ClCompile>
    <ClCompile Include="ImguiManager.cpp">
      <Filter>소스 파일</Filter>
    </ClCompile>
    <ClCompile Include="ImGUI\imgui_demo.cpp">
      <Filter>ImGUI</Filter>
    </ClCompile>
    <ClCompile Include="Camera.cpp">
      <Filter>소스 파일</Filter>
    </ClCompile>
    <ClCompile Include="PointLight.cpp">
      <Filter>소스 파일</Filter>
    </ClCompile>
    <ClCompile Include="Mesh.cpp">
      <Filter>소스 파일</Filter>
    </ClCompile>
    <ClCompile Include="Graphicsinfra.cpp">
      <Filter>소스 파일</Filter>
    </ClCompile>
    <ClCompile Include="SolidSphere.cpp">
      <Filter>소스 파일\Drawable</Filter>
    </ClCompile>
  </ItemGroup>
  <ItemGroup>
    <ClInclude Include="WindowsMessageMap.h">
      <Filter>헤더 파일</Filter>
    </ClInclude>
    <ClInclude Include="ChiliWin.h">
      <Filter>헤더 파일</Filter>
    </ClInclude>
    <ClInclude Include="Window.h">
      <Filter>헤더 파일</Filter>
    </ClInclude>
    <ClInclude Include="JHException.h">
      <Filter>헤더 파일</Filter>
    </ClInclude>
    <ClInclude Include="resource.h">
      <Filter>헤더 파일</Filter>
    </ClInclude>
    <ClInclude Include="Keyboard.h">
      <Filter>헤더 파일</Filter>
    </ClInclude>
    <ClInclude Include="Mouse.h">
      <Filter>헤더 파일</Filter>
    </ClInclude>
    <ClInclude Include="App.h">
      <Filter>헤더 파일</Filter>
    </ClInclude>
    <ClInclude Include="Timer.h">
      <Filter>헤더 파일</Filter>
    </ClInclude>
    <ClInclude Include="Graphics.h">
      <Filter>헤더 파일</Filter>
    </ClInclude>
    <ClInclude Include="dxerr.h">
      <Filter>DxErr</Filter>
    </ClInclude>
    <ClInclude Include="DxgiInfoManager.h">
      <Filter>헤더 파일</Filter>
    </ClInclude>
    <ClInclude Include="GraphicsThrowMacro.h">
      <Filter>헤더 파일\Macro</Filter>
    </ClInclude>
    <ClInclude Include="WindowsThrowMacro.h">
      <Filter>헤더 파일\Macro</Filter>
    </ClInclude>
    <ClInclude Include="Bindable.h">
      <Filter>헤더 파일\Bindable</Filter>
    </ClInclude>
    <ClInclude Include="ConstantBuffer.h">
      <Filter>헤더 파일\Bindable</Filter>
    </ClInclude>
    <ClInclude Include="Drawable.h">
      <Filter>헤더 파일\Drawable</Filter>
    </ClInclude>
    <ClInclude Include="IndexBuffer.h">
      <Filter>헤더 파일\Bindable</Filter>
    </ClInclude>
    <ClInclude Include="InputLayout.h">
      <Filter>헤더 파일\Bindable</Filter>
    </ClInclude>
    <ClInclude Include="PixelShader.h">
      <Filter>헤더 파일\Bindable</Filter>
    </ClInclude>
    <ClInclude Include="Topology.h">
      <Filter>헤더 파일\Bindable</Filter>
    </ClInclude>
    <ClInclude Include="TransformCbuf.h">
      <Filter>헤더 파일\Bindable</Filter>
    </ClInclude>
    <ClInclude Include="VertexShader.h">
      <Filter>헤더 파일\Bindable</Filter>
    </ClInclude>
    <ClInclude Include="VertexBuffer.h">
      <Filter>헤더 파일\Bindable</Filter>
    </ClInclude>
    <ClInclude Include="Box.h">
      <Filter>헤더 파일\Drawable</Filter>
    </ClInclude>
    <ClInclude Include="JHMath.h">
      <Filter>헤더 파일</Filter>
    </ClInclude>
    <ClInclude Include="Sphere.h">
      <Filter>헤더 파일\Geometry</Filter>
    </ClInclude>
    <ClInclude Include="GDIPlusManager.h">
      <Filter>헤더 파일</Filter>
    </ClInclude>
    <ClInclude Include="Texture.h">
      <Filter>헤더 파일\Bindable</Filter>
    </ClInclude>
    <ClInclude Include="Surface.h">
      <Filter>헤더 파일</Filter>
    </ClInclude>
    <ClInclude Include="Sampler.h">
      <Filter>헤더 파일\Bindable</Filter>
    </ClInclude>
    <ClInclude Include="ImGUI\imgui.h">
      <Filter>ImGUI</Filter>
    </ClInclude>
    <ClInclude Include="ImGUI\imgui_impl_dx11.h">
      <Filter>ImGUI</Filter>
    </ClInclude>
    <ClInclude Include="ImGUI\imgui_impl_win32.h">
      <Filter>ImGUI</Filter>
    </ClInclude>
    <ClInclude Include="ImGUI\imconfig.h">
      <Filter>ImGUI</Filter>
    </ClInclude>
    <ClInclude Include="ImGUI\imgui_internal.h">
      <Filter>ImGUI</Filter>
    </ClInclude>
    <ClInclude Include="ImGUI\imstb_rectpack.h">
      <Filter>ImGUI</Filter>
    </ClInclude>
    <ClInclude Include="ImGUI\imstb_textedit.h">
      <Filter>ImGUI</Filter>
    </ClInclude>
    <ClInclude Include="ImGUI\imstb_truetype.h">
      <Filter>ImGUI</Filter>
    </ClInclude>
    <ClInclude Include="ImguiManager.h">
      <Filter>헤더 파일</Filter>
    </ClInclude>
    <ClInclude Include="Camera.h">
      <Filter>헤더 파일</Filter>
    </ClInclude>
    <ClInclude Include="PointLight.h">
      <Filter>헤더 파일</Filter>
    </ClInclude>
    <ClInclude Include="TestObj.h">
      <Filter>헤더 파일</Filter>
    </ClInclude>
    <ClInclude Include="Cylinder.h">
      <Filter>헤더 파일\Drawable</Filter>
    </ClInclude>
    <ClInclude Include="Vertex.h">
      <Filter>헤더 파일</Filter>
    </ClInclude>
    <ClInclude Include="Mesh.h">
      <Filter>헤더 파일\Drawable</Filter>
    </ClInclude>
    <ClInclude Include="Graphicsinfra.h">
      <Filter>헤더 파일</Filter>
    </ClInclude>
    <ClInclude Include="BindableCodex.h">
      <Filter>헤더 파일\Bindable</Filter>
    </ClInclude>
    <ClInclude Include="IndexedTriangleList.h">
      <Filter>헤더 파일\Geometry</Filter>
    </ClInclude>
    <ClInclude Include="Bindablebase.h">
      <Filter>헤더 파일\Bindable</Filter>
    </ClInclude>
    <ClInclude Include="SolidSphere.h">
      <Filter>헤더 파일\Drawable</Filter>
    </ClInclude>
  </ItemGroup>
  <ItemGroup>
    <ResourceCompile Include="hw3d.rc">
      <Filter>리소스 파일</Filter>
    </ResourceCompile>
  </ItemGroup>
  <ItemGroup>
    <Image Include="favicon_icons\favicon_Zk4_3.ico">
      <Filter>리소스 파일</Filter>
    </Image>
  </ItemGroup>
  <ItemGroup>
    <None Include="DXGetErrorDescription.inl">
      <Filter>DxErr</Filter>
    </None>
    <None Include="DXGetErrorString.inl">
      <Filter>DxErr</Filter>
    </None>
    <None Include="DXTrace.inl">
      <Filter>DxErr</Filter>
    </None>
    <None Include="resource.hm">
      <Filter>헤더 파일</Filter>
    </None>
  </ItemGroup>
  <ItemGroup>
    <FxCompile Include="TexturePS.hlsl">
      <Filter>Shader</Filter>
    </FxCompile>
    <FxCompile Include="TextureVS.hlsl">
      <Filter>Shader</Filter>
    </FxCompile>
    <FxCompile Include="PhongVS.hlsl">
      <Filter>Shader</Filter>
    </FxCompile>
    <FxCompile Include="PhongPS.hlsl">
      <Filter>Shader</Filter>
    </FxCompile>
    <FxCompile Include="SolidVS.hlsl">
      <Filter>Shader</Filter>
    </FxCompile>
    <FxCompile Include="SolidPS.hlsl">
      <Filter>Shader</Filter>
    </FxCompile>
    <FxCompile Include="PhongPS_Spec.hlsl">
      <Filter>Shader</Filter>
    </FxCompile>
  </ItemGroup>
</Project>